
Microsoft Visual Studio Solution File, Format Version 12.00
# Visual Studio 15
VisualStudioVersion = 15.0.28307.572
MinimumVisualStudioVersion = 10.0.40219.1
Project("{9A19103F-16F7-4668-BE54-9A1E7A4F7556}") = "Reviews", "Reviews\Reviews.csproj", "{9BBBF993-AEB4-4308-B1D7-1613555FF1E4}"
EndProject
Project("{FAE04EC0-301F-11D3-BF4B-00C04F79EFBC}") = "Reviews.Tests", "Reviews.Tests\Reviews.Tests.csproj", "{B52B4026-9F1A-4001-8330-6F8E44CB65B2}"
EndProject
Global
	GlobalSection(SolutionConfigurationPlatforms) = preSolution
		Debug|Any CPU = Debug|Any CPU
		Release|Any CPU = Release|Any CPU
	EndGlobalSection
	GlobalSection(ProjectConfigurationPlatforms) = postSolution
		{9BBBF993-AEB4-4308-B1D7-1613555FF1E4}.Debug|Any CPU.ActiveCfg = Debug|Any CPU
		{9BBBF993-AEB4-4308-B1D7-1613555FF1E4}.Debug|Any CPU.Build.0 = Debug|Any CPU
		{9BBBF993-AEB4-4308-B1D7-1613555FF1E4}.Release|Any CPU.ActiveCfg = Release|Any CPU
		{9BBBF993-AEB4-4308-B1D7-1613555FF1E4}.Release|Any CPU.Build.0 = Release|Any CPU
		{B52B4026-9F1A-4001-8330-6F8E44CB65B2}.Debug|Any CPU.ActiveCfg = Debug|Any CPU
		{B52B4026-9F1A-4001-8330-6F8E44CB65B2}.Debug|Any CPU.Build.0 = Debug|Any CPU
		{B52B4026-9F1A-4001-8330-6F8E44CB65B2}.Release|Any CPU.ActiveCfg = Release|Any CPU
		{B52B4026-9F1A-4001-8330-6F8E44CB65B2}.Release|Any CPU.Build.0 = Release|Any CPU
	EndGlobalSection
	GlobalSection(SolutionProperties) = preSolution
		HideSolutionNode = FALSE
	EndGlobalSection
	GlobalSection(ExtensibilityGlobals) = postSolution
		SolutionGuid = {8C96A96B-FA12-4A20-9756-0EC4A82A60FE}
	EndGlobalSection
EndGlobal
